
Microsoft Visual Studio Solution File, Format Version 12.00
# Visual Studio 15
VisualStudioVersion = 15.0.27703.2047
MinimumVisualStudioVersion = 10.0.40219.1
Project("{FAE04EC0-301F-11D3-BF4B-00C04F79EFBC}") = "EntityComponentSystem", "EntityComponentSystem\EntityComponentSystem.csproj", "{2667D3DE-1428-44C7-ADA4-6AAE4FF3AE08}"
EndProject
Project("{FAE04EC0-301F-11D3-BF4B-00C04F79EFBC}") = "GameBase", "GameBase\GameBase.csproj", "{BA823564-980A-4C23-BDF3-919ACFE74AD9}"
EndProject
Project("{FAE04EC0-301F-11D3-BF4B-00C04F79EFBC}") = "Woofer", "Woofer\Woofer.csproj", "{73F476D5-7C8E-47A2-B646-33CF0288E4FB}"
EndProject
Project("{FAE04EC0-301F-11D3-BF4B-00C04F79EFBC}") = "Tests", "Tests\Tests.csproj", "{A71067CD-21DB-462C-A66F-378A907E637F}"
EndProject
Global
	GlobalSection(SolutionConfigurationPlatforms) = preSolution
		Debug|Any CPU = Debug|Any CPU
		Release|Any CPU = Release|Any CPU
	EndGlobalSection
	GlobalSection(ProjectConfigurationPlatforms) = postSolution
		{2667D3DE-1428-44C7-ADA4-6AAE4FF3AE08}.Debug|Any CPU.ActiveCfg = Debug|Any CPU
		{2667D3DE-1428-44C7-ADA4-6AAE4FF3AE08}.Debug|Any CPU.Build.0 = Debug|Any CPU
		{2667D3DE-1428-44C7-ADA4-6AAE4FF3AE08}.Release|Any CPU.ActiveCfg = Release|Any CPU
		{2667D3DE-1428-44C7-ADA4-6AAE4FF3AE08}.Release|Any CPU.Build.0 = Release|Any CPU
		{BA823564-980A-4C23-BDF3-919ACFE74AD9}.Debug|Any CPU.ActiveCfg = Debug|Any CPU
		{BA823564-980A-4C23-BDF3-919ACFE74AD9}.Debug|Any CPU.Build.0 = Debug|Any CPU
		{BA823564-980A-4C23-BDF3-919ACFE74AD9}.Release|Any CPU.ActiveCfg = Release|Any CPU
		{BA823564-980A-4C23-BDF3-919ACFE74AD9}.Release|Any CPU.Build.0 = Release|Any CPU
		{73F476D5-7C8E-47A2-B646-33CF0288E4FB}.Debug|Any CPU.ActiveCfg = Debug|Any CPU
		{73F476D5-7C8E-47A2-B646-33CF0288E4FB}.Debug|Any CPU.Build.0 = Debug|Any CPU
		{73F476D5-7C8E-47A2-B646-33CF0288E4FB}.Release|Any CPU.ActiveCfg = Release|Any CPU
		{73F476D5-7C8E-47A2-B646-33CF0288E4FB}.Release|Any CPU.Build.0 = Release|Any CPU
		{A71067CD-21DB-462C-A66F-378A907E637F}.Debug|Any CPU.ActiveCfg = Debug|Any CPU
		{A71067CD-21DB-462C-A66F-378A907E637F}.Debug|Any CPU.Build.0 = Debug|Any CPU
		{A71067CD-21DB-462C-A66F-378A907E637F}.Release|Any CPU.ActiveCfg = Release|Any CPU
		{A71067CD-21DB-462C-A66F-378A907E637F}.Release|Any CPU.Build.0 = Release|Any CPU
	EndGlobalSection
	GlobalSection(SolutionProperties) = preSolution
		HideSolutionNode = FALSE
	EndGlobalSection
	GlobalSection(ExtensibilityGlobals) = postSolution
		SolutionGuid = {429A6A10-FECD-4DA5-8CC8-E6502FB072EB}
	EndGlobalSection
EndGlobal
